{
  "name": "@elbrus/create-config",
  "version": "1.3.0",
  "lockfileVersion": 3,
  "requires": true,
  "packages": {
    "": {
      "name": "@elbrus/create-config",
      "version": "1.3.0",
      "license": "MIT",
      "bin": {
        "create-config": "bin/create-config.js"
      }
    }
  }
}
